{
  "nodes": {
    "blobs": {
      "flake": false,
      "locked": {
        "lastModified": 1604995301,
        "narHash": "sha256-wcLzgLec6SGJA8fx1OEN1yV/Py5b+U5iyYpksUY/yLw=",
        "owner": "simple-nixos-mailserver",
        "repo": "blobs",
        "rev": "2cccdf1ca48316f2cfd1c9a0017e8de5a7156265",
        "type": "gitlab"
      },
      "original": {
        "owner": "simple-nixos-mailserver",
        "repo": "blobs",
        "type": "gitlab"
      }
    },
    "flake-compat": {
      "flake": false,
      "locked": {
        "lastModified": 1696426674,
        "narHash": "sha256-kvjfFW7WAETZlt09AgDn1MrtKzP7t90Vf7vypd3OL1U=",
        "owner": "edolstra",
        "repo": "flake-compat",
        "rev": "0f9255e01c2351cc7d116c072cb317785dd33b33",
        "type": "github"
      },
      "original": {
        "owner": "edolstra",
        "repo": "flake-compat",
        "type": "github"
      }
    },
    "flake-compat_2": {
      "flake": false,
      "locked": {
        "lastModified": 1648199409,
        "narHash": "sha256-JwPKdC2PoVBkG6E+eWw3j6BMR6sL3COpYWfif7RVb8Y=",
        "owner": "edolstra",
        "repo": "flake-compat",
        "rev": "64a525ee38886ab9028e6f61790de0832aa3ef03",
        "type": "github"
      },
      "original": {
        "owner": "edolstra",
        "repo": "flake-compat",
        "type": "github"
      }
    },
    "home-manager": {
      "inputs": {
        "nixpkgs": [
          "nixpkgs"
        ]
      },
      "locked": {
        "lastModified": 1734622215,
        "narHash": "sha256-OOfI0XhSJGHblfdNDhfnn8QnZxng63rWk9eeJ2tCbiI=",
        "owner": "nix-community",
        "repo": "home-manager",
        "rev": "1395379a7a36e40f2a76e7b9936cc52950baa1be",
        "type": "github"
      },
      "original": {
        "owner": "nix-community",
        "ref": "master",
        "repo": "home-manager",
        "type": "github"
      }
    },
    "nixos-hw": {
      "locked": {
        "lastModified": 1734352517,
        "narHash": "sha256-mfv+J/vO4nqmIOlq8Y1rRW8hVsGH3M+I2ESMjhuebDs=",
        "owner": "nixos",
        "repo": "nixos-hardware",
        "rev": "b12e314726a4226298fe82776b4baeaa7bcf3dcd",
        "type": "github"
      },
      "original": {
        "owner": "nixos",
        "repo": "nixos-hardware",
        "type": "github"
      }
    },
    "nixpkgs": {
      "locked": {
        "lastModified": 1734424634,
        "narHash": "sha256-cHar1vqHOOyC7f1+tVycPoWTfKIaqkoe1Q6TnKzuti4=",
        "owner": "nixos",
        "repo": "nixpkgs",
        "rev": "d3c42f187194c26d9f0309a8ecc469d6c878ce33",
        "type": "github"
      },
      "original": {
        "owner": "nixos",
        "ref": "nixos-unstable",
        "repo": "nixpkgs",
        "type": "github"
      }
    },
    "nixpkgs-24_05": {
      "locked": {
        "lastModified": 1731797254,
        "narHash": "sha256-df3dJApLPhd11AlueuoN0Q4fHo/hagP75LlM5K1sz9g=",
        "owner": "NixOS",
        "repo": "nixpkgs",
        "rev": "e8c38b73aeb218e27163376a2d617e61a2ad9b59",
        "type": "github"
      },
      "original": {
        "id": "nixpkgs",
        "ref": "nixos-24.05",
        "type": "indirect"
      }
    },
    "nixpkgs_2": {
      "locked": {
        "lastModified": 1660396586,
        "narHash": "sha256-ePuWn7z/J5p2lO7YokOG1o01M0pDDVL3VrStaPpS5Ig=",
        "owner": "nixos",
        "repo": "nixpkgs",
        "rev": "e105167e98817ba9fe079c6c3c544c6ef188e276",
        "type": "github"
      },
      "original": {
        "id": "nixpkgs",
        "type": "indirect"
      }
    },
    "plymouth-is-underrated": {
      "flake": false,
      "locked": {
        "lastModified": 1713254695,
        "narHash": "sha256-5BeomQ8qhAKddUJqC4tTkGMvjW2mObnjvgDtTSb5g6Y=",
        "owner": "cab404",
        "repo": "plymouth-is-underrated",
        "rev": "8f4fa29b5891d1a7c612267ac93b5fb725ac4257",
        "type": "github"
      },
      "original": {
        "owner": "cab404",
        "repo": "plymouth-is-underrated",
        "type": "github"
      }
    },
    "root": {
      "inputs": {
        "home-manager": "home-manager",
        "nixos-hw": "nixos-hw",
        "nixpkgs": "nixpkgs",
        "plymouth-is-underrated": "plymouth-is-underrated",
        "snm": "snm",
        "swaycwd": "swaycwd",
        "wg-bond": "wg-bond"
      }
    },
    "snm": {
      "inputs": {
        "blobs": "blobs",
        "flake-compat": "flake-compat",
        "nixpkgs": [
          "nixpkgs"
        ],
        "nixpkgs-24_05": "nixpkgs-24_05"
      },
      "locked": {
        "lastModified": 1734370678,
        "narHash": "sha256-a8zkti1QM5Oxkdfnzr/NjrFlyqI36/kYV/X8G1jOmB4=",
        "owner": "simple-nixos-mailserver",
        "repo": "nixos-mailserver",
        "rev": "c43d8c4a3ce84a7bebd110b06e69365484db6208",
        "type": "gitlab"
      },
      "original": {
        "owner": "simple-nixos-mailserver",
        "repo": "nixos-mailserver",
        "type": "gitlab"
      }
    },
    "swaycwd": {
      "inputs": {
        "nixpkgs": "nixpkgs_2"
      },
      "locked": {
        "lastModified": 1662438026,
        "narHash": "sha256-R/LnojbA0vBQVivGLaoM0+M4qVJ7vjf4kggB59i896w=",
        "owner": "~cab",
        "repo": "swaycwd",
        "rev": "896ddbd78f7416cbd90c503054e9afef003f31a0",
        "type": "sourcehut"
      },
      "original": {
        "owner": "~cab",
        "repo": "swaycwd",
        "type": "sourcehut"
      }
    },
    "wg-bond": {
      "inputs": {
        "flake-compat": "flake-compat_2",
        "nixpkgs": [
          "nixpkgs"
        ]
      },
      "locked": {
        "lastModified": 1702302857,
        "narHash": "sha256-4F73ljT+EptSGg5at4ITbSlG4zYy07jOe0Yrxp88xtw=",
        "owner": "cab404",
        "repo": "wg-bond",
        "rev": "a5884e451e4cec38f8c0a7e25d79a66926517274",
        "type": "github"
      },
      "original": {
        "owner": "cab404",
        "repo": "wg-bond",
        "type": "github"
      }
    }
  },
  "root": "root",
  "version": 7
}
