{
  "nodes": {
    "home-manager": {
      "flake": false,
      "locked": {
        "lastModified": 1598217225,
        "narHash": "sha256-QLp/RbXv42SZzYQMglqAa+RmyRmx9dKf7v9PRtKFP1U=",
        "owner": "rycee",
        "repo": "home-manager",
        "rev": "4a8d6280544d9b061c0b785d2470ad6eeda47b02",
        "type": "github"
      },
      "original": {
        "owner": "rycee",
        "ref": "release-20.03",
        "repo": "home-manager",
        "type": "github"
      }
    },
    "nixpkgs": {
      "locked": {
        "lastModified": 1599532447,
        "narHash": "sha256-xTmeh3eMOQTyC61/1ywvRIhRrlxgO1P2U1pbSCv1Zno=",
        "owner": "NixOS",
        "repo": "nixpkgs",
        "rev": "ee222ce046560f4a0da47b3c2e481ac9f03b5742",
        "type": "github"
      },
      "original": {
        "id": "nixpkgs",
        "type": "indirect"
      }
    },
    "root": {
      "inputs": {
        "home-manager": "home-manager",
        "nixpkgs": "nixpkgs"
      }
    }
  },
  "root": "root",
  "version": 7
}
